// !$*UTF8*$!
{
	archiveVersion = 1;
	classes = {
	};
	objectVersion = 46;
	objects = {

/* Begin PBXBuildFile section */
		0DAD1AAC1EB51A1A007D6E68 /* main.m in Sources */ = {isa = PBXBuildFile; fileRef = 0DAD1AAB1EB51A1A007D6E68 /* main.m */; };
		0DAD1AAF1EB51A1A007D6E68 /* AppDelegate.m in Sources */ = {isa = PBXBuildFile; fileRef = 0DAD1AAE1EB51A1A007D6E68 /* AppDelegate.m */; };
		0DAD1AB21EB51A1B007D6E68 /* ViewController.m in Sources */ = {isa = PBXBuildFile; fileRef = 0DAD1AB11EB51A1B007D6E68 /* ViewController.m */; };
		0DAD1AB51EB51A1B007D6E68 /* Main.storyboard in Resources */ = {isa = PBXBuildFile; fileRef = 0DAD1AB31EB51A1B007D6E68 /* Main.storyboard */; };
		0DAD1AB71EB51A1B007D6E68 /* Assets.xcassets in Resources */ = {isa = PBXBuildFile; fileRef = 0DAD1AB61EB51A1B007D6E68 /* Assets.xcassets */; };
		0DAD1ABA1EB51A1B007D6E68 /* LaunchScreen.storyboard in Resources */ = {isa = PBXBuildFile; fileRef = 0DAD1AB81EB51A1B007D6E68 /* LaunchScreen.storyboard */; };
		0DAD1AC51EB51A1B007D6E68 /* protocolsDZTests.m in Sources */ = {isa = PBXBuildFile; fileRef = 0DAD1AC41EB51A1B007D6E68 /* protocolsDZTests.m */; };
		0DAD1AD01EB51A1B007D6E68 /* protocolsDZUITests.m in Sources */ = {isa = PBXBuildFile; fileRef = 0DAD1ACF1EB51A1B007D6E68 /* protocolsDZUITests.m */; };
		0DAD1B2D1EB51BDC007D6E68 /* PMFish.m in Sources */ = {isa = PBXBuildFile; fileRef = 0DAD1B2C1EB51BDC007D6E68 /* PMFish.m */; };
		0DAD1B301EB51BEE007D6E68 /* PMCrosfiter.m in Sources */ = {isa = PBXBuildFile; fileRef = 0DAD1B2F1EB51BEE007D6E68 /* PMCrosfiter.m */; };
		0DAD1B331EB51C00007D6E68 /* PMKenguru.m in Sources */ = {isa = PBXBuildFile; fileRef = 0DAD1B321EB51C00007D6E68 /* PMKenguru.m */; };
/* End PBXBuildFile section */

/* Begin PBXContainerItemProxy section */
		0DAD1AC11EB51A1B007D6E68 /* PBXContainerItemProxy */ = {
			isa = PBXContainerItemProxy;
			containerPortal = 0DAD1A9F1EB51A1A007D6E68 /* Project object */;
			proxyType = 1;
			remoteGlobalIDString = 0DAD1AA61EB51A1A007D6E68;
			remoteInfo = protocolsDZ;
		};
		0DAD1ACC1EB51A1B007D6E68 /* PBXContainerItemProxy */ = {
			isa = PBXContainerItemProxy;
			containerPortal = 0DAD1A9F1EB51A1A007D6E68 /* Project object */;
			proxyType = 1;
			remoteGlobalIDString = 0DAD1AA61EB51A1A007D6E68;
			remoteInfo = protocolsDZ;
		};
/* End PBXContainerItemProxy section */

/* Begin PBXFileReference section */
		0DAD1AA71EB51A1A007D6E68 /* protocolsDZ.app */ = {isa = PBXFileReference; explicitFileType = wrapper.application; includeInIndex = 0; path = protocolsDZ.app; sourceTree = BUILT_PRODUCTS_DIR; };
		0DAD1AAB1EB51A1A007D6E68 /* main.m */ = {isa = PBXFileReference; lastKnownFileType = sourcecode.c.objc; path = main.m; sourceTree = "<group>"; };
		0DAD1AAD1EB51A1A007D6E68 /* AppDelegate.h */ = {isa = PBXFileReference; lastKnownFileType = sourcecode.c.h; path = AppDelegate.h; sourceTree = "<group>"; };
		0DAD1AAE1EB51A1A007D6E68 /* AppDelegate.m */ = {isa = PBXFileReference; lastKnownFileType = sourcecode.c.objc; path = AppDelegate.m; sourceTree = "<group>"; };
		0DAD1AB01EB51A1A007D6E68 /* ViewController.h */ = {isa = PBXFileReference; lastKnownFileType = sourcecode.c.h; path = ViewController.h; sourceTree = "<group>"; };
		0DAD1AB11EB51A1B007D6E68 /* ViewController.m */ = {isa = PBXFileReference; lastKnownFileType = sourcecode.c.objc; path = ViewController.m; sourceTree = "<group>"; };
		0DAD1AB41EB51A1B007D6E68 /* Base */ = {isa = PBXFileReference; lastKnownFileType = file.storyboard; name = Base; path = Base.lproj/Main.storyboard; sourceTree = "<group>"; };
		0DAD1AB61EB51A1B007D6E68 /* Assets.xcassets */ = {isa = PBXFileReference; lastKnownFileType = folder.assetcatalog; path = Assets.xcassets; sourceTree = "<group>"; };
		0DAD1AB91EB51A1B007D6E68 /* Base */ = {isa = PBXFileReference; lastKnownFileType = file.storyboard; name = Base; path = Base.lproj/LaunchScreen.storyboard; sourceTree = "<group>"; };
		0DAD1ABB1EB51A1B007D6E68 /* Info.plist */ = {isa = PBXFileReference; lastKnownFileType = text.plist.xml; path = Info.plist; sourceTree = "<group>"; };
		0DAD1AC01EB51A1B007D6E68 /* protocolsDZTests.xctest */ = {isa = PBXFileReference; explicitFileType = wrapper.cfbundle; includeInIndex = 0; path = protocolsDZTests.xctest; sourceTree = BUILT_PRODUCTS_DIR; };
		0DAD1AC41EB51A1B007D6E68 /* protocolsDZTests.m */ = {isa = PBXFileReference; lastKnownFileType = sourcecode.c.objc; path = protocolsDZTests.m; sourceTree = "<group>"; };
		0DAD1AC61EB51A1B007D6E68 /* Info.plist */ = {isa = PBXFileReference; lastKnownFileType = text.plist.xml; path = Info.plist; sourceTree = "<group>"; };
		0DAD1ACB1EB51A1B007D6E68 /* protocolsDZUITests.xctest */ = {isa = PBXFileReference; explicitFileType = wrapper.cfbundle; includeInIndex = 0; path = protocolsDZUITests.xctest; sourceTree = BUILT_PRODUCTS_DIR; };
		0DAD1ACF1EB51A1B007D6E68 /* protocolsDZUITests.m */ = {isa = PBXFileReference; lastKnownFileType = sourcecode.c.objc; path = protocolsDZUITests.m; sourceTree = "<group>"; };
		0DAD1AD11EB51A1B007D6E68 /* Info.plist */ = {isa = PBXFileReference; lastKnownFileType = text.plist.xml; path = Info.plist; sourceTree = "<group>"; };
		0DAD1ADD1EB51AA8007D6E68 /* PMJumpers.h */ = {isa = PBXFileReference; fileEncoding = 4; lastKnownFileType = sourcecode.c.h; path = PMJumpers.h; sourceTree = "<group>"; };
		0DAD1ADE1EB51AB9007D6E68 /* PMSwimers.h */ = {isa = PBXFileReference; fileEncoding = 4; lastKnownFileType = sourcecode.c.h; path = PMSwimers.h; sourceTree = "<group>"; };
		0DAD1B2B1EB51BDC007D6E68 /* PMFish.h */ = {isa = PBXFileReference; fileEncoding = 4; lastKnownFileType = sourcecode.c.h; path = PMFish.h; sourceTree = "<group>"; };
		0DAD1B2C1EB51BDC007D6E68 /* PMFish.m */ = {isa = PBXFileReference; fileEncoding = 4; lastKnownFileType = sourcecode.c.objc; path = PMFish.m; sourceTree = "<group>"; };
		0DAD1B2E1EB51BEE007D6E68 /* PMCrosfiter.h */ = {isa = PBXFileReference; fileEncoding = 4; lastKnownFileType = sourcecode.c.h; path = PMCrosfiter.h; sourceTree = "<group>"; };
		0DAD1B2F1EB51BEE007D6E68 /* PMCrosfiter.m */ = {isa = PBXFileReference; fileEncoding = 4; lastKnownFileType = sourcecode.c.objc; path = PMCrosfiter.m; sourceTree = "<group>"; };
		0DAD1B311EB51C00007D6E68 /* PMKenguru.h */ = {isa = PBXFileReference; fileEncoding = 4; lastKnownFileType = sourcecode.c.h; path = PMKenguru.h; sourceTree = "<group>"; };
		0DAD1B321EB51C00007D6E68 /* PMKenguru.m */ = {isa = PBXFileReference; fileEncoding = 4; lastKnownFileType = sourcecode.c.objc; path = PMKenguru.m; sourceTree = "<group>"; };
		0DAD1B351EB51C18007D6E68 /* Base */ = {isa = PBXFileReference; lastKnownFileType = sourcecode.c.h; name = Base; path = Base.lproj/PMBoxer.h; sourceTree = "<group>"; };
		0DAD1B371EB51C18007D6E68 /* Base */ = {isa = PBXFileReference; lastKnownFileType = sourcecode.c.objc; name = Base; path = Base.lproj/PMBoxer.m; sourceTree = "<group>"; };
/* End PBXFileReference section */

/* Begin PBXFrameworksBuildPhase section */
		0DAD1AA41EB51A1A007D6E68 /* Frameworks */ = {
			isa = PBXFrameworksBuildPhase;
			buildActionMask = 2147483647;
			files = (
			);
			runOnlyForDeploymentPostprocessing = 0;
		};
		0DAD1ABD1EB51A1B007D6E68 /* Frameworks */ = {
			isa = PBXFrameworksBuildPhase;
			buildActionMask = 2147483647;
			files = (
			);
			runOnlyForDeploymentPostprocessing = 0;
		};
		0DAD1AC81EB51A1B007D6E68 /* Frameworks */ = {
			isa = PBXFrameworksBuildPhase;
			buildActionMask = 2147483647;
			files = (
			);
			runOnlyForDeploymentPostprocessing = 0;
		};
/* End PBXFrameworksBuildPhase section */

/* Begin PBXGroup section */
		0DAD1A9E1EB51A1A007D6E68 = {
			isa = PBXGroup;
			children = (
				0DAD1AA91EB51A1A007D6E68 /* protocolsDZ */,
				0DAD1AC31EB51A1B007D6E68 /* protocolsDZTests */,
				0DAD1ACE1EB51A1B007D6E68 /* protocolsDZUITests */,
				0DAD1AA81EB51A1A007D6E68 /* Products */,
			);
			sourceTree = "<group>";
		};
		0DAD1AA81EB51A1A007D6E68 /* Products */ = {
			isa = PBXGroup;
			children = (
				0DAD1AA71EB51A1A007D6E68 /* protocolsDZ.app */,
				0DAD1AC01EB51A1B007D6E68 /* protocolsDZTests.xctest */,
				0DAD1ACB1EB51A1B007D6E68 /* protocolsDZUITests.xctest */,
			);
			name = Products;
			sourceTree = "<group>";
		};
		0DAD1AA91EB51A1A007D6E68 /* protocolsDZ */ = {
			isa = PBXGroup;
			children = (
				0DAD1ADD1EB51AA8007D6E68 /* PMJumpers.h */,
				0DAD1ADE1EB51AB9007D6E68 /* PMSwimers.h */,
				0DAD1B2B1EB51BDC007D6E68 /* PMFish.h */,
				0DAD1B2C1EB51BDC007D6E68 /* PMFish.m */,
				0DAD1B2E1EB51BEE007D6E68 /* PMCrosfiter.h */,
				0DAD1B2F1EB51BEE007D6E68 /* PMCrosfiter.m */,
				0DAD1B311EB51C00007D6E68 /* PMKenguru.h */,
				0DAD1B321EB51C00007D6E68 /* PMKenguru.m */,
				0DAD1B341EB51C18007D6E68 /* PMBoxer.h */,
				0DAD1B361EB51C18007D6E68 /* PMBoxer.m */,
				0DAD1AAD1EB51A1A007D6E68 /* AppDelegate.h */,
				0DAD1AAE1EB51A1A007D6E68 /* AppDelegate.m */,
				0DAD1AB01EB51A1A007D6E68 /* ViewController.h */,
				0DAD1AB11EB51A1B007D6E68 /* ViewController.m */,
				0DAD1AB31EB51A1B007D6E68 /* Main.storyboard */,
				0DAD1AB61EB51A1B007D6E68 /* Assets.xcassets */,
				0DAD1AB81EB51A1B007D6E68 /* LaunchScreen.storyboard */,
				0DAD1ABB1EB51A1B007D6E68 /* Info.plist */,
				0DAD1AAA1EB51A1A007D6E68 /* Supporting Files */,
			);
			path = protocolsDZ;
			sourceTree = "<group>";
		};
		0DAD1AAA1EB51A1A007D6E68 /* Supporting Files */ = {
			isa = PBXGroup;
			children = (
				0DAD1AAB1EB51A1A007D6E68 /* main.m */,
			);
			name = "Supporting Files";
			sourceTree = "<group>";
		};
		0DAD1AC31EB51A1B007D6E68 /* protocolsDZTests */ = {
			isa = PBXGroup;
			children = (
				0DAD1AC41EB51A1B007D6E68 /* protocolsDZTests.m */,
				0DAD1AC61EB51A1B007D6E68 /* Info.plist */,
			);
			path = protocolsDZTests;
			sourceTree = "<group>";
		};
		0DAD1ACE1EB51A1B007D6E68 /* protocolsDZUITests */ = {
			isa = PBXGroup;
			children = (
				0DAD1ACF1EB51A1B007D6E68 /* protocolsDZUITests.m */,
				0DAD1AD11EB51A1B007D6E68 /* Info.plist */,
			);
			path = protocolsDZUITests;
			sourceTree = "<group>";
		};
/* End PBXGroup section */

/* Begin PBXNativeTarget section */
		0DAD1AA61EB51A1A007D6E68 /* protocolsDZ */ = {
			isa = PBXNativeTarget;
			buildConfigurationList = 0DAD1AD41EB51A1B007D6E68 /* Build configuration list for PBXNativeTarget "protocolsDZ" */;
			buildPhases = (
				0DAD1AA31EB51A1A007D6E68 /* Sources */,
				0DAD1AA41EB51A1A007D6E68 /* Frameworks */,
				0DAD1AA51EB51A1A007D6E68 /* Resources */,
			);
			buildRules = (
			);
			dependencies = (
			);
			name = protocolsDZ;
			productName = protocolsDZ;
			productReference = 0DAD1AA71EB51A1A007D6E68 /* protocolsDZ.app */;
			productType = "com.apple.product-type.application";
		};
		0DAD1ABF1EB51A1B007D6E68 /* protocolsDZTests */ = {
			isa = PBXNativeTarget;
			buildConfigurationList = 0DAD1AD71EB51A1B007D6E68 /* Build configuration list for PBXNativeTarget "protocolsDZTests" */;
			buildPhases = (
				0DAD1ABC1EB51A1B007D6E68 /* Sources */,
				0DAD1ABD1EB51A1B007D6E68 /* Frameworks */,
				0DAD1ABE1EB51A1B007D6E68 /* Resources */,
			);
			buildRules = (
			);
			dependencies = (
				0DAD1AC21EB51A1B007D6E68 /* PBXTargetDependency */,
			);
			name = protocolsDZTests;
			productName = protocolsDZTests;
			productReference = 0DAD1AC01EB51A1B007D6E68 /* protocolsDZTests.xctest */;
			productType = "com.apple.product-type.bundle.unit-test";
		};
		0DAD1ACA1EB51A1B007D6E68 /* protocolsDZUITests */ = {
			isa = PBXNativeTarget;
			buildConfigurationList = 0DAD1ADA1EB51A1B007D6E68 /* Build configuration list for PBXNativeTarget "protocolsDZUITests" */;
			buildPhases = (
				0DAD1AC71EB51A1B007D6E68 /* Sources */,
				0DAD1AC81EB51A1B007D6E68 /* Frameworks */,
				0DAD1AC91EB51A1B007D6E68 /* Resources */,
			);
			buildRules = (
			);
			dependencies = (
				0DAD1ACD1EB51A1B007D6E68 /* PBXTargetDependency */,
			);
			name = protocolsDZUITests;
			productName = protocolsDZUITests;
			productReference = 0DAD1ACB1EB51A1B007D6E68 /* protocolsDZUITests.xctest */;
			productType = "com.apple.product-type.bundle.ui-testing";
		};
/* End PBXNativeTarget section */

/* Begin PBXProject section */
		0DAD1A9F1EB51A1A007D6E68 /* Project object */ = {
			isa = PBXProject;
			attributes = {
				LastUpgradeCheck = 0810;
				ORGANIZATIONNAME = "Петр Первухин";
				TargetAttributes = {
					0DAD1AA61EB51A1A007D6E68 = {
						CreatedOnToolsVersion = 8.1;
						ProvisioningStyle = Automatic;
					};
					0DAD1ABF1EB51A1B007D6E68 = {
						CreatedOnToolsVersion = 8.1;
						ProvisioningStyle = Automatic;
						TestTargetID = 0DAD1AA61EB51A1A007D6E68;
					};
					0DAD1ACA1EB51A1B007D6E68 = {
						CreatedOnToolsVersion = 8.1;
						ProvisioningStyle = Automatic;
						TestTargetID = 0DAD1AA61EB51A1A007D6E68;
					};
				};
			};
			buildConfigurationList = 0DAD1AA21EB51A1A007D6E68 /* Build configuration list for PBXProject "protocolsDZ" */;
			compatibilityVersion = "Xcode 3.2";
			developmentRegion = English;
			hasScannedForEncodings = 0;
			knownRegions = (
				en,
				Base,
			);
			mainGroup = 0DAD1A9E1EB51A1A007D6E68;
			productRefGroup = 0DAD1AA81EB51A1A007D6E68 /* Products */;
			projectDirPath = "";
			projectRoot = "";
			targets = (
				0DAD1AA61EB51A1A007D6E68 /* protocolsDZ */,
				0DAD1ABF1EB51A1B007D6E68 /* protocolsDZTests */,
				0DAD1ACA1EB51A1B007D6E68 /* protocolsDZUITests */,
			);
		};
/* End PBXProject section */

/* Begin PBXResourcesBuildPhase section */
		0DAD1AA51EB51A1A007D6E68 /* Resources */ = {
			isa = PBXResourcesBuildPhase;
			buildActionMask = 2147483647;
			files = (
				0DAD1ABA1EB51A1B007D6E68 /* LaunchScreen.storyboard in Resources */,
				0DAD1AB71EB51A1B007D6E68 /* Assets.xcassets in Resources */,
				0DAD1AB51EB51A1B007D6E68 /* Main.storyboard in Resources */,
			);
			runOnlyForDeploymentPostprocessing = 0;
		};
		0DAD1ABE1EB51A1B007D6E68 /* Resources */ = {
			isa = PBXResourcesBuildPhase;
			buildActionMask = 2147483647;
			files = (
			);
			runOnlyForDeploymentPostprocessing = 0;
		};
		0DAD1AC91EB51A1B007D6E68 /* Resources */ = {
			isa = PBXResourcesBuildPhase;
			buildActionMask = 2147483647;
			files = (
			);
			runOnlyForDeploymentPostprocessing = 0;
		};
/* End PBXResourcesBuildPhase section */

/* Begin PBXSourcesBuildPhase section */
		0DAD1AA31EB51A1A007D6E68 /* Sources */ = {
			isa = PBXSourcesBuildPhase;
			buildActionMask = 2147483647;
			files = (
				0DAD1B331EB51C00007D6E68 /* PMKenguru.m in Sources */,
				0DAD1B301EB51BEE007D6E68 /* PMCrosfiter.m in Sources */,
				0DAD1AB21EB51A1B007D6E68 /* ViewController.m in Sources */,
				0DAD1AAF1EB51A1A007D6E68 /* AppDelegate.m in Sources */,
				0DAD1B2D1EB51BDC007D6E68 /* PMFish.m in Sources */,
				0DAD1AAC1EB51A1A007D6E68 /* main.m in Sources */,
			);
			runOnlyForDeploymentPostprocessing = 0;
		};
		0DAD1ABC1EB51A1B007D6E68 /* Sources */ = {
			isa = PBXSourcesBuildPhase;
			buildActionMask = 2147483647;
			files = (
				0DAD1AC51EB51A1B007D6E68 /* protocolsDZTests.m in Sources */,
			);
			runOnlyForDeploymentPostprocessing = 0;
		};
		0DAD1AC71EB51A1B007D6E68 /* Sources */ = {
			isa = PBXSourcesBuildPhase;
			buildActionMask = 2147483647;
			files = (
				0DAD1AD01EB51A1B007D6E68 /* protocolsDZUITests.m in Sources */,
			);
			runOnlyForDeploymentPostprocessing = 0;
		};
/* End PBXSourcesBuildPhase section */

/* Begin PBXTargetDependency section */
		0DAD1AC21EB51A1B007D6E68 /* PBXTargetDependency */ = {
			isa = PBXTargetDependency;
			target = 0DAD1AA61EB51A1A007D6E68 /* protocolsDZ */;
			targetProxy = 0DAD1AC11EB51A1B007D6E68 /* PBXContainerItemProxy */;
		};
		0DAD1ACD1EB51A1B007D6E68 /* PBXTargetDependency */ = {
			isa = PBXTargetDependency;
			target = 0DAD1AA61EB51A1A007D6E68 /* protocolsDZ */;
			targetProxy = 0DAD1ACC1EB51A1B007D6E68 /* PBXContainerItemProxy */;
		};
/* End PBXTargetDependency section */

/* Begin PBXVariantGroup section */
		0DAD1AB31EB51A1B007D6E68 /* Main.storyboard */ = {
			isa = PBXVariantGroup;
			children = (
				0DAD1AB41EB51A1B007D6E68 /* Base */,
			);
			name = Main.storyboard;
			sourceTree = "<group>";
		};
		0DAD1AB81EB51A1B007D6E68 /* LaunchScreen.storyboard */ = {
			isa = PBXVariantGroup;
			children = (
				0DAD1AB91EB51A1B007D6E68 /* Base */,
			);
			name = LaunchScreen.storyboard;
			sourceTree = "<group>";
		};
		0DAD1B341EB51C18007D6E68 /* PMBoxer.h */ = {
			isa = PBXVariantGroup;
			children = (
				0DAD1B351EB51C18007D6E68 /* Base */,
			);
			name = PMBoxer.h;
			sourceTree = "<group>";
		};
		0DAD1B361EB51C18007D6E68 /* PMBoxer.m */ = {
			isa = PBXVariantGroup;
			children = (
				0DAD1B371EB51C18007D6E68 /* Base */,
			);
			name = PMBoxer.m;
			sourceTree = "<group>";
		};
/* End PBXVariantGroup section */

/* Begin XCBuildConfiguration section */
		0DAD1AD21EB51A1B007D6E68 /* Debug */ = {
			isa = XCBuildConfiguration;
			buildSettings = {
				ALWAYS_SEARCH_USER_PATHS = NO;
				CLANG_ANALYZER_NONNULL = YES;
				CLANG_CXX_LANGUAGE_STANDARD = "gnu++0x";
				CLANG_CXX_LIBRARY = "libc++";
				CLANG_ENABLE_MODULES = YES;
				CLANG_ENABLE_OBJC_ARC = YES;
				CLANG_WARN_BOOL_CONVERSION = YES;
				CLANG_WARN_CONSTANT_CONVERSION = YES;
				CLANG_WARN_DIRECT_OBJC_ISA_USAGE = YES_ERROR;
				CLANG_WARN_DOCUMENTATION_COMMENTS = YES;
				CLANG_WARN_EMPTY_BODY = YES;
				CLANG_WARN_ENUM_CONVERSION = YES;
				CLANG_WARN_INFINITE_RECURSION = YES;
				CLANG_WARN_INT_CONVERSION = YES;
				CLANG_WARN_OBJC_ROOT_CLASS = YES_ERROR;
				CLANG_WARN_SUSPICIOUS_MOVES = YES;
				CLANG_WARN_UNREACHABLE_CODE = YES;
				CLANG_WARN__DUPLICATE_METHOD_MATCH = YES;
				"CODE_SIGN_IDENTITY[sdk=iphoneos*]" = "iPhone Developer";
				COPY_PHASE_STRIP = NO;
				DEBUG_INFORMATION_FORMAT = dwarf;
				ENABLE_STRICT_OBJC_MSGSEND = YES;
				ENABLE_TESTABILITY = YES;
				GCC_C_LANGUAGE_STANDARD = gnu99;
				GCC_DYNAMIC_NO_PIC = NO;
				GCC_NO_COMMON_BLOCKS = YES;
				GCC_OPTIMIZATION_LEVEL = 0;
				GCC_PREPROCESSOR_DEFINITIONS = (
					"DEBUG=1",
					"$(inherited)",
				);
				GCC_WARN_64_TO_32_BIT_CONVERSION = YES;
				GCC_WARN_ABOUT_RETURN_TYPE = YES_ERROR;
				GCC_WARN_UNDECLARED_SELECTOR = YES;
				GCC_WARN_UNINITIALIZED_AUTOS = YES_AGGRESSIVE;
				GCC_WARN_UNUSED_FUNCTION = YES;
				GCC_WARN_UNUSED_VARIABLE = YES;
				IPHONEOS_DEPLOYMENT_TARGET = 10.1;
				MTL_ENABLE_DEBUG_INFO = YES;
				ONLY_ACTIVE_ARCH = YES;
				SDKROOT = iphoneos;
			};
			name = Debug;
		};
		0DAD1AD31EB51A1B007D6E68 /* Release */ = {
			isa = XCBuildConfiguration;
			buildSettings = {
				ALWAYS_SEARCH_USER_PATHS = NO;
				CLANG_ANALYZER_NONNULL = YES;
				CLANG_CXX_LANGUAGE_STANDARD = "gnu++0x";
				CLANG_CXX_LIBRARY = "libc++";
				CLANG_ENABLE_MODULES = YES;
				CLANG_ENABLE_OBJC_ARC = YES;
				CLANG_WARN_BOOL_CONVERSION = YES;
				CLANG_WARN_CONSTANT_CONVERSION = YES;
				CLANG_WARN_DIRECT_OBJC_ISA_USAGE = YES_ERROR;
				CLANG_WARN_DOCUMENTATION_COMMENTS = YES;
				CLANG_WARN_EMPTY_BODY = YES;
				CLANG_WARN_ENUM_CONVERSION = YES;
				CLANG_WARN_INFINITE_RECURSION = YES;
				CLANG_WARN_INT_CONVERSION = YES;
				CLANG_WARN_OBJC_ROOT_CLASS = YES_ERROR;
				CLANG_WARN_SUSPICIOUS_MOVES = YES;
				CLANG_WARN_UNREACHABLE_CODE = YES;
				CLANG_WARN__DUPLICATE_METHOD_MATCH = YES;
				"CODE_SIGN_IDENTITY[sdk=iphoneos*]" = "iPhone Developer";
				COPY_PHASE_STRIP = NO;
				DEBUG_INFORMATION_FORMAT = "dwarf-with-dsym";
				ENABLE_NS_ASSERTIONS = NO;
				ENABLE_STRICT_OBJC_MSGSEND = YES;
				GCC_C_LANGUAGE_STANDARD = gnu99;
				GCC_NO_COMMON_BLOCKS = YES;
				GCC_WARN_64_TO_32_BIT_CONVERSION = YES;
				GCC_WARN_ABOUT_RETURN_TYPE = YES_ERROR;
				GCC_WARN_UNDECLARED_SELECTOR = YES;
				GCC_WARN_UNINITIALIZED_AUTOS = YES_AGGRESSIVE;
				GCC_WARN_UNUSED_FUNCTION = YES;
				GCC_WARN_UNUSED_VARIABLE = YES;
				IPHONEOS_DEPLOYMENT_TARGET = 10.1;
				MTL_ENABLE_DEBUG_INFO = NO;
				SDKROOT = iphoneos;
				VALIDATE_PRODUCT = YES;
			};
			name = Release;
		};
		0DAD1AD51EB51A1B007D6E68 /* Debug */ = {
			isa = XCBuildConfiguration;
			buildSettings = {
				ASSETCATALOG_COMPILER_APPICON_NAME = AppIcon;
				INFOPLIST_FILE = protocolsDZ/Info.plist;
				LD_RUNPATH_SEARCH_PATHS = "$(inherited) @executable_path/Frameworks";
				PRODUCT_BUNDLE_IDENTIFIER = manki.protocolsDZ;
				PRODUCT_NAME = "$(TARGET_NAME)";
			};
			name = Debug;
		};
		0DAD1AD61EB51A1B007D6E68 /* Release */ = {
			isa = XCBuildConfiguration;
			buildSettings = {
				ASSETCATALOG_COMPILER_APPICON_NAME = AppIcon;
				INFOPLIST_FILE = protocolsDZ/Info.plist;
				LD_RUNPATH_SEARCH_PATHS = "$(inherited) @executable_path/Frameworks";
				PRODUCT_BUNDLE_IDENTIFIER = manki.protocolsDZ;
				PRODUCT_NAME = "$(TARGET_NAME)";
			};
			name = Release;
		};
		0DAD1AD81EB51A1B007D6E68 /* Debug */ = {
			isa = XCBuildConfiguration;
			buildSettings = {
				BUNDLE_LOADER = "$(TEST_HOST)";
				INFOPLIST_FILE = protocolsDZTests/Info.plist;
				LD_RUNPATH_SEARCH_PATHS = "$(inherited) @executable_path/Frameworks @loader_path/Frameworks";
				PRODUCT_BUNDLE_IDENTIFIER = manki.protocolsDZTests;
				PRODUCT_NAME = "$(TARGET_NAME)";
				TEST_HOST = "$(BUILT_PRODUCTS_DIR)/protocolsDZ.app/protocolsDZ";
			};
			name = Debug;
		};
		0DAD1AD91EB51A1B007D6E68 /* Release */ = {
			isa = XCBuildConfiguration;
			buildSettings = {
				BUNDLE_LOADER = "$(TEST_HOST)";
				INFOPLIST_FILE = protocolsDZTests/Info.plist;
				LD_RUNPATH_SEARCH_PATHS = "$(inherited) @executable_path/Frameworks @loader_path/Frameworks";
				PRODUCT_BUNDLE_IDENTIFIER = manki.protocolsDZTests;
				PRODUCT_NAME = "$(TARGET_NAME)";
				TEST_HOST = "$(BUILT_PRODUCTS_DIR)/protocolsDZ.app/protocolsDZ";
			};
			name = Release;
		};
		0DAD1ADB1EB51A1B007D6E68 /* Debug */ = {
			isa = XCBuildConfiguration;
			buildSettings = {
				INFOPLIST_FILE = protocolsDZUITests/Info.plist;
				LD_RUNPATH_SEARCH_PATHS = "$(inherited) @executable_path/Frameworks @loader_path/Frameworks";
				PRODUCT_BUNDLE_IDENTIFIER = manki.protocolsDZUITests;
				PRODUCT_NAME = "$(TARGET_NAME)";
				TEST_TARGET_NAME = protocolsDZ;
			};
			name = Debug;
		};
		0DAD1ADC1EB51A1B007D6E68 /* Release */ = {
			isa = XCBuildConfiguration;
			buildSettings = {
				INFOPLIST_FILE = protocolsDZUITests/Info.plist;
				LD_RUNPATH_SEARCH_PATHS = "$(inherited) @executable_path/Frameworks @loader_path/Frameworks";
				PRODUCT_BUNDLE_IDENTIFIER = manki.protocolsDZUITests;
				PRODUCT_NAME = "$(TARGET_NAME)";
				TEST_TARGET_NAME = protocolsDZ;
			};
			name = Release;
		};
/* End XCBuildConfiguration section */

/* Begin XCConfigurationList section */
		0DAD1AA21EB51A1A007D6E68 /* Build configuration list for PBXProject "protocolsDZ" */ = {
			isa = XCConfigurationList;
			buildConfigurations = (
				0DAD1AD21EB51A1B007D6E68 /* Debug */,
				0DAD1AD31EB51A1B007D6E68 /* Release */,
			);
			defaultConfigurationIsVisible = 0;
			defaultConfigurationName = Release;
		};
		0DAD1AD41EB51A1B007D6E68 /* Build configuration list for PBXNativeTarget "protocolsDZ" */ = {
			isa = XCConfigurationList;
			buildConfigurations = (
				0DAD1AD51EB51A1B007D6E68 /* Debug */,
				0DAD1AD61EB51A1B007D6E68 /* Release */,
			);
			defaultConfigurationIsVisible = 0;
		};
		0DAD1AD71EB51A1B007D6E68 /* Build configuration list for PBXNativeTarget "protocolsDZTests" */ = {
			isa = XCConfigurationList;
			buildConfigurations = (
				0DAD1AD81EB51A1B007D6E68 /* Debug */,
				0DAD1AD91EB51A1B007D6E68 /* Release */,
			);
			defaultConfigurationIsVisible = 0;
		};
		0DAD1ADA1EB51A1B007D6E68 /* Build configuration list for PBXNativeTarget "protocolsDZUITests" */ = {
			isa = XCConfigurationList;
			buildConfigurations = (
				0DAD1ADB1EB51A1B007D6E68 /* Debug */,
				0DAD1ADC1EB51A1B007D6E68 /* Release */,
			);
			defaultConfigurationIsVisible = 0;
		};
/* End XCConfigurationList section */
	};
	rootObject = 0DAD1A9F1EB51A1A007D6E68 /* Project object */;
}
