// !$*UTF8*$!
{
	archiveVersion = 1;
	classes = {
	};
	objectVersion = 46;
	objects = {

/* Begin PBXBuildFile section */
		0D7E40421EEB2C7000890E34 /* main.m in Sources */ = {isa = PBXBuildFile; fileRef = 0D7E40411EEB2C7000890E34 /* main.m */; };
		0D7E40451EEB2C7000890E34 /* AppDelegate.m in Sources */ = {isa = PBXBuildFile; fileRef = 0D7E40441EEB2C7000890E34 /* AppDelegate.m */; };
		0D7E40481EEB2C7000890E34 /* ViewController.m in Sources */ = {isa = PBXBuildFile; fileRef = 0D7E40471EEB2C7000890E34 /* ViewController.m */; };
		0D7E404B1EEB2C7000890E34 /* Main.storyboard in Resources */ = {isa = PBXBuildFile; fileRef = 0D7E40491EEB2C7000890E34 /* Main.storyboard */; };
		0D7E404D1EEB2C7000890E34 /* Assets.xcassets in Resources */ = {isa = PBXBuildFile; fileRef = 0D7E404C1EEB2C7000890E34 /* Assets.xcassets */; };
		0D7E40501EEB2C7000890E34 /* LaunchScreen.storyboard in Resources */ = {isa = PBXBuildFile; fileRef = 0D7E404E1EEB2C7000890E34 /* LaunchScreen.storyboard */; };
		0D7E405B1EEB2C7000890E34 /* IDC_19_UIView_Geometry_HomeworkTests.m in Sources */ = {isa = PBXBuildFile; fileRef = 0D7E405A1EEB2C7000890E34 /* IDC_19_UIView_Geometry_HomeworkTests.m */; };
		0D7E40661EEB2C7000890E34 /* IDC_19_UIView_Geometry_HomeworkUITests.m in Sources */ = {isa = PBXBuildFile; fileRef = 0D7E40651EEB2C7000890E34 /* IDC_19_UIView_Geometry_HomeworkUITests.m */; };
/* End PBXBuildFile section */

/* Begin PBXContainerItemProxy section */
		0D7E40571EEB2C7000890E34 /* PBXContainerItemProxy */ = {
			isa = PBXContainerItemProxy;
			containerPortal = 0D7E40351EEB2C7000890E34 /* Project object */;
			proxyType = 1;
			remoteGlobalIDString = 0D7E403C1EEB2C7000890E34;
			remoteInfo = "IDC 19 UIView Geometry Homework";
		};
		0D7E40621EEB2C7000890E34 /* PBXContainerItemProxy */ = {
			isa = PBXContainerItemProxy;
			containerPortal = 0D7E40351EEB2C7000890E34 /* Project object */;
			proxyType = 1;
			remoteGlobalIDString = 0D7E403C1EEB2C7000890E34;
			remoteInfo = "IDC 19 UIView Geometry Homework";
		};
/* End PBXContainerItemProxy section */

/* Begin PBXFileReference section */
		0D7E403D1EEB2C7000890E34 /* IDC 19 UIView Geometry Homework.app */ = {isa = PBXFileReference; explicitFileType = wrapper.application; includeInIndex = 0; path = "IDC 19 UIView Geometry Homework.app"; sourceTree = BUILT_PRODUCTS_DIR; };
		0D7E40411EEB2C7000890E34 /* main.m */ = {isa = PBXFileReference; lastKnownFileType = sourcecode.c.objc; path = main.m; sourceTree = "<group>"; };
		0D7E40431EEB2C7000890E34 /* AppDelegate.h */ = {isa = PBXFileReference; lastKnownFileType = sourcecode.c.h; path = AppDelegate.h; sourceTree = "<group>"; };
		0D7E40441EEB2C7000890E34 /* AppDelegate.m */ = {isa = PBXFileReference; lastKnownFileType = sourcecode.c.objc; path = AppDelegate.m; sourceTree = "<group>"; };
		0D7E40461EEB2C7000890E34 /* ViewController.h */ = {isa = PBXFileReference; lastKnownFileType = sourcecode.c.h; path = ViewController.h; sourceTree = "<group>"; };
		0D7E40471EEB2C7000890E34 /* ViewController.m */ = {isa = PBXFileReference; lastKnownFileType = sourcecode.c.objc; path = ViewController.m; sourceTree = "<group>"; };
		0D7E404A1EEB2C7000890E34 /* Base */ = {isa = PBXFileReference; lastKnownFileType = file.storyboard; name = Base; path = Base.lproj/Main.storyboard; sourceTree = "<group>"; };
		0D7E404C1EEB2C7000890E34 /* Assets.xcassets */ = {isa = PBXFileReference; lastKnownFileType = folder.assetcatalog; path = Assets.xcassets; sourceTree = "<group>"; };
		0D7E404F1EEB2C7000890E34 /* Base */ = {isa = PBXFileReference; lastKnownFileType = file.storyboard; name = Base; path = Base.lproj/LaunchScreen.storyboard; sourceTree = "<group>"; };
		0D7E40511EEB2C7000890E34 /* Info.plist */ = {isa = PBXFileReference; lastKnownFileType = text.plist.xml; path = Info.plist; sourceTree = "<group>"; };
		0D7E40561EEB2C7000890E34 /* IDC 19 UIView Geometry HomeworkTests.xctest */ = {isa = PBXFileReference; explicitFileType = wrapper.cfbundle; includeInIndex = 0; path = "IDC 19 UIView Geometry HomeworkTests.xctest"; sourceTree = BUILT_PRODUCTS_DIR; };
		0D7E405A1EEB2C7000890E34 /* IDC_19_UIView_Geometry_HomeworkTests.m */ = {isa = PBXFileReference; lastKnownFileType = sourcecode.c.objc; path = IDC_19_UIView_Geometry_HomeworkTests.m; sourceTree = "<group>"; };
		0D7E405C1EEB2C7000890E34 /* Info.plist */ = {isa = PBXFileReference; lastKnownFileType = text.plist.xml; path = Info.plist; sourceTree = "<group>"; };
		0D7E40611EEB2C7000890E34 /* IDC 19 UIView Geometry HomeworkUITests.xctest */ = {isa = PBXFileReference; explicitFileType = wrapper.cfbundle; includeInIndex = 0; path = "IDC 19 UIView Geometry HomeworkUITests.xctest"; sourceTree = BUILT_PRODUCTS_DIR; };
		0D7E40651EEB2C7000890E34 /* IDC_19_UIView_Geometry_HomeworkUITests.m */ = {isa = PBXFileReference; lastKnownFileType = sourcecode.c.objc; path = IDC_19_UIView_Geometry_HomeworkUITests.m; sourceTree = "<group>"; };
		0D7E40671EEB2C7000890E34 /* Info.plist */ = {isa = PBXFileReference; lastKnownFileType = text.plist.xml; path = Info.plist; sourceTree = "<group>"; };
/* End PBXFileReference section */

/* Begin PBXFrameworksBuildPhase section */
		0D7E403A1EEB2C7000890E34 /* Frameworks */ = {
			isa = PBXFrameworksBuildPhase;
			buildActionMask = 2147483647;
			files = (
			);
			runOnlyForDeploymentPostprocessing = 0;
		};
		0D7E40531EEB2C7000890E34 /* Frameworks */ = {
			isa = PBXFrameworksBuildPhase;
			buildActionMask = 2147483647;
			files = (
			);
			runOnlyForDeploymentPostprocessing = 0;
		};
		0D7E405E1EEB2C7000890E34 /* Frameworks */ = {
			isa = PBXFrameworksBuildPhase;
			buildActionMask = 2147483647;
			files = (
			);
			runOnlyForDeploymentPostprocessing = 0;
		};
/* End PBXFrameworksBuildPhase section */

/* Begin PBXGroup section */
		0D7E40341EEB2C7000890E34 = {
			isa = PBXGroup;
			children = (
				0D7E403F1EEB2C7000890E34 /* IDC 19 UIView Geometry Homework */,
				0D7E40591EEB2C7000890E34 /* IDC 19 UIView Geometry HomeworkTests */,
				0D7E40641EEB2C7000890E34 /* IDC 19 UIView Geometry HomeworkUITests */,
				0D7E403E1EEB2C7000890E34 /* Products */,
			);
			sourceTree = "<group>";
		};
		0D7E403E1EEB2C7000890E34 /* Products */ = {
			isa = PBXGroup;
			children = (
				0D7E403D1EEB2C7000890E34 /* IDC 19 UIView Geometry Homework.app */,
				0D7E40561EEB2C7000890E34 /* IDC 19 UIView Geometry HomeworkTests.xctest */,
				0D7E40611EEB2C7000890E34 /* IDC 19 UIView Geometry HomeworkUITests.xctest */,
			);
			name = Products;
			sourceTree = "<group>";
		};
		0D7E403F1EEB2C7000890E34 /* IDC 19 UIView Geometry Homework */ = {
			isa = PBXGroup;
			children = (
				0D7E40431EEB2C7000890E34 /* AppDelegate.h */,
				0D7E40441EEB2C7000890E34 /* AppDelegate.m */,
				0D7E40461EEB2C7000890E34 /* ViewController.h */,
				0D7E40471EEB2C7000890E34 /* ViewController.m */,
				0D7E40491EEB2C7000890E34 /* Main.storyboard */,
				0D7E404C1EEB2C7000890E34 /* Assets.xcassets */,
				0D7E404E1EEB2C7000890E34 /* LaunchScreen.storyboard */,
				0D7E40511EEB2C7000890E34 /* Info.plist */,
				0D7E40401EEB2C7000890E34 /* Supporting Files */,
			);
			path = "IDC 19 UIView Geometry Homework";
			sourceTree = "<group>";
		};
		0D7E40401EEB2C7000890E34 /* Supporting Files */ = {
			isa = PBXGroup;
			children = (
				0D7E40411EEB2C7000890E34 /* main.m */,
			);
			name = "Supporting Files";
			sourceTree = "<group>";
		};
		0D7E40591EEB2C7000890E34 /* IDC 19 UIView Geometry HomeworkTests */ = {
			isa = PBXGroup;
			children = (
				0D7E405A1EEB2C7000890E34 /* IDC_19_UIView_Geometry_HomeworkTests.m */,
				0D7E405C1EEB2C7000890E34 /* Info.plist */,
			);
			path = "IDC 19 UIView Geometry HomeworkTests";
			sourceTree = "<group>";
		};
		0D7E40641EEB2C7000890E34 /* IDC 19 UIView Geometry HomeworkUITests */ = {
			isa = PBXGroup;
			children = (
				0D7E40651EEB2C7000890E34 /* IDC_19_UIView_Geometry_HomeworkUITests.m */,
				0D7E40671EEB2C7000890E34 /* Info.plist */,
			);
			path = "IDC 19 UIView Geometry HomeworkUITests";
			sourceTree = "<group>";
		};
/* End PBXGroup section */

/* Begin PBXNativeTarget section */
		0D7E403C1EEB2C7000890E34 /* IDC 19 UIView Geometry Homework */ = {
			isa = PBXNativeTarget;
			buildConfigurationList = 0D7E406A1EEB2C7000890E34 /* Build configuration list for PBXNativeTarget "IDC 19 UIView Geometry Homework" */;
			buildPhases = (
				0D7E40391EEB2C7000890E34 /* Sources */,
				0D7E403A1EEB2C7000890E34 /* Frameworks */,
				0D7E403B1EEB2C7000890E34 /* Resources */,
			);
			buildRules = (
			);
			dependencies = (
			);
			name = "IDC 19 UIView Geometry Homework";
			productName = "IDC 19 UIView Geometry Homework";
			productReference = 0D7E403D1EEB2C7000890E34 /* IDC 19 UIView Geometry Homework.app */;
			productType = "com.apple.product-type.application";
		};
		0D7E40551EEB2C7000890E34 /* IDC 19 UIView Geometry HomeworkTests */ = {
			isa = PBXNativeTarget;
			buildConfigurationList = 0D7E406D1EEB2C7000890E34 /* Build configuration list for PBXNativeTarget "IDC 19 UIView Geometry HomeworkTests" */;
			buildPhases = (
				0D7E40521EEB2C7000890E34 /* Sources */,
				0D7E40531EEB2C7000890E34 /* Frameworks */,
				0D7E40541EEB2C7000890E34 /* Resources */,
			);
			buildRules = (
			);
			dependencies = (
				0D7E40581EEB2C7000890E34 /* PBXTargetDependency */,
			);
			name = "IDC 19 UIView Geometry HomeworkTests";
			productName = "IDC 19 UIView Geometry HomeworkTests";
			productReference = 0D7E40561EEB2C7000890E34 /* IDC 19 UIView Geometry HomeworkTests.xctest */;
			productType = "com.apple.product-type.bundle.unit-test";
		};
		0D7E40601EEB2C7000890E34 /* IDC 19 UIView Geometry HomeworkUITests */ = {
			isa = PBXNativeTarget;
			buildConfigurationList = 0D7E40701EEB2C7000890E34 /* Build configuration list for PBXNativeTarget "IDC 19 UIView Geometry HomeworkUITests" */;
			buildPhases = (
				0D7E405D1EEB2C7000890E34 /* Sources */,
				0D7E405E1EEB2C7000890E34 /* Frameworks */,
				0D7E405F1EEB2C7000890E34 /* Resources */,
			);
			buildRules = (
			);
			dependencies = (
				0D7E40631EEB2C7000890E34 /* PBXTargetDependency */,
			);
			name = "IDC 19 UIView Geometry HomeworkUITests";
			productName = "IDC 19 UIView Geometry HomeworkUITests";
			productReference = 0D7E40611EEB2C7000890E34 /* IDC 19 UIView Geometry HomeworkUITests.xctest */;
			productType = "com.apple.product-type.bundle.ui-testing";
		};
/* End PBXNativeTarget section */

/* Begin PBXProject section */
		0D7E40351EEB2C7000890E34 /* Project object */ = {
			isa = PBXProject;
			attributes = {
				LastUpgradeCheck = 0810;
				ORGANIZATIONNAME = "Петр Первухин";
				TargetAttributes = {
					0D7E403C1EEB2C7000890E34 = {
						CreatedOnToolsVersion = 8.1;
						ProvisioningStyle = Automatic;
					};
					0D7E40551EEB2C7000890E34 = {
						CreatedOnToolsVersion = 8.1;
						ProvisioningStyle = Automatic;
						TestTargetID = 0D7E403C1EEB2C7000890E34;
					};
					0D7E40601EEB2C7000890E34 = {
						CreatedOnToolsVersion = 8.1;
						ProvisioningStyle = Automatic;
						TestTargetID = 0D7E403C1EEB2C7000890E34;
					};
				};
			};
			buildConfigurationList = 0D7E40381EEB2C7000890E34 /* Build configuration list for PBXProject "IDC 19 UIView Geometry Homework" */;
			compatibilityVersion = "Xcode 3.2";
			developmentRegion = English;
			hasScannedForEncodings = 0;
			knownRegions = (
				en,
				Base,
			);
			mainGroup = 0D7E40341EEB2C7000890E34;
			productRefGroup = 0D7E403E1EEB2C7000890E34 /* Products */;
			projectDirPath = "";
			projectRoot = "";
			targets = (
				0D7E403C1EEB2C7000890E34 /* IDC 19 UIView Geometry Homework */,
				0D7E40551EEB2C7000890E34 /* IDC 19 UIView Geometry HomeworkTests */,
				0D7E40601EEB2C7000890E34 /* IDC 19 UIView Geometry HomeworkUITests */,
			);
		};
/* End PBXProject section */

/* Begin PBXResourcesBuildPhase section */
		0D7E403B1EEB2C7000890E34 /* Resources */ = {
			isa = PBXResourcesBuildPhase;
			buildActionMask = 2147483647;
			files = (
				0D7E40501EEB2C7000890E34 /* LaunchScreen.storyboard in Resources */,
				0D7E404D1EEB2C7000890E34 /* Assets.xcassets in Resources */,
				0D7E404B1EEB2C7000890E34 /* Main.storyboard in Resources */,
			);
			runOnlyForDeploymentPostprocessing = 0;
		};
		0D7E40541EEB2C7000890E34 /* Resources */ = {
			isa = PBXResourcesBuildPhase;
			buildActionMask = 2147483647;
			files = (
			);
			runOnlyForDeploymentPostprocessing = 0;
		};
		0D7E405F1EEB2C7000890E34 /* Resources */ = {
			isa = PBXResourcesBuildPhase;
			buildActionMask = 2147483647;
			files = (
			);
			runOnlyForDeploymentPostprocessing = 0;
		};
/* End PBXResourcesBuildPhase section */

/* Begin PBXSourcesBuildPhase section */
		0D7E40391EEB2C7000890E34 /* Sources */ = {
			isa = PBXSourcesBuildPhase;
			buildActionMask = 2147483647;
			files = (
				0D7E40481EEB2C7000890E34 /* ViewController.m in Sources */,
				0D7E40451EEB2C7000890E34 /* AppDelegate.m in Sources */,
				0D7E40421EEB2C7000890E34 /* main.m in Sources */,
			);
			runOnlyForDeploymentPostprocessing = 0;
		};
		0D7E40521EEB2C7000890E34 /* Sources */ = {
			isa = PBXSourcesBuildPhase;
			buildActionMask = 2147483647;
			files = (
				0D7E405B1EEB2C7000890E34 /* IDC_19_UIView_Geometry_HomeworkTests.m in Sources */,
			);
			runOnlyForDeploymentPostprocessing = 0;
		};
		0D7E405D1EEB2C7000890E34 /* Sources */ = {
			isa = PBXSourcesBuildPhase;
			buildActionMask = 2147483647;
			files = (
				0D7E40661EEB2C7000890E34 /* IDC_19_UIView_Geometry_HomeworkUITests.m in Sources */,
			);
			runOnlyForDeploymentPostprocessing = 0;
		};
/* End PBXSourcesBuildPhase section */

/* Begin PBXTargetDependency section */
		0D7E40581EEB2C7000890E34 /* PBXTargetDependency */ = {
			isa = PBXTargetDependency;
			target = 0D7E403C1EEB2C7000890E34 /* IDC 19 UIView Geometry Homework */;
			targetProxy = 0D7E40571EEB2C7000890E34 /* PBXContainerItemProxy */;
		};
		0D7E40631EEB2C7000890E34 /* PBXTargetDependency */ = {
			isa = PBXTargetDependency;
			target = 0D7E403C1EEB2C7000890E34 /* IDC 19 UIView Geometry Homework */;
			targetProxy = 0D7E40621EEB2C7000890E34 /* PBXContainerItemProxy */;
		};
/* End PBXTargetDependency section */

/* Begin PBXVariantGroup section */
		0D7E40491EEB2C7000890E34 /* Main.storyboard */ = {
			isa = PBXVariantGroup;
			children = (
				0D7E404A1EEB2C7000890E34 /* Base */,
			);
			name = Main.storyboard;
			sourceTree = "<group>";
		};
		0D7E404E1EEB2C7000890E34 /* LaunchScreen.storyboard */ = {
			isa = PBXVariantGroup;
			children = (
				0D7E404F1EEB2C7000890E34 /* Base */,
			);
			name = LaunchScreen.storyboard;
			sourceTree = "<group>";
		};
/* End PBXVariantGroup section */

/* Begin XCBuildConfiguration section */
		0D7E40681EEB2C7000890E34 /* Debug */ = {
			isa = XCBuildConfiguration;
			buildSettings = {
				ALWAYS_SEARCH_USER_PATHS = NO;
				CLANG_ANALYZER_NONNULL = YES;
				CLANG_CXX_LANGUAGE_STANDARD = "gnu++0x";
				CLANG_CXX_LIBRARY = "libc++";
				CLANG_ENABLE_MODULES = YES;
				CLANG_ENABLE_OBJC_ARC = YES;
				CLANG_WARN_BOOL_CONVERSION = YES;
				CLANG_WARN_CONSTANT_CONVERSION = YES;
				CLANG_WARN_DIRECT_OBJC_ISA_USAGE = YES_ERROR;
				CLANG_WARN_DOCUMENTATION_COMMENTS = YES;
				CLANG_WARN_EMPTY_BODY = YES;
				CLANG_WARN_ENUM_CONVERSION = YES;
				CLANG_WARN_INFINITE_RECURSION = YES;
				CLANG_WARN_INT_CONVERSION = YES;
				CLANG_WARN_OBJC_ROOT_CLASS = YES_ERROR;
				CLANG_WARN_SUSPICIOUS_MOVES = YES;
				CLANG_WARN_UNREACHABLE_CODE = YES;
				CLANG_WARN__DUPLICATE_METHOD_MATCH = YES;
				"CODE_SIGN_IDENTITY[sdk=iphoneos*]" = "iPhone Developer";
				COPY_PHASE_STRIP = NO;
				DEBUG_INFORMATION_FORMAT = dwarf;
				ENABLE_STRICT_OBJC_MSGSEND = YES;
				ENABLE_TESTABILITY = YES;
				GCC_C_LANGUAGE_STANDARD = gnu99;
				GCC_DYNAMIC_NO_PIC = NO;
				GCC_NO_COMMON_BLOCKS = YES;
				GCC_OPTIMIZATION_LEVEL = 0;
				GCC_PREPROCESSOR_DEFINITIONS = (
					"DEBUG=1",
					"$(inherited)",
				);
				GCC_WARN_64_TO_32_BIT_CONVERSION = YES;
				GCC_WARN_ABOUT_RETURN_TYPE = YES_ERROR;
				GCC_WARN_UNDECLARED_SELECTOR = YES;
				GCC_WARN_UNINITIALIZED_AUTOS = YES_AGGRESSIVE;
				GCC_WARN_UNUSED_FUNCTION = YES;
				GCC_WARN_UNUSED_VARIABLE = YES;
				IPHONEOS_DEPLOYMENT_TARGET = 10.1;
				MTL_ENABLE_DEBUG_INFO = YES;
				ONLY_ACTIVE_ARCH = YES;
				SDKROOT = iphoneos;
			};
			name = Debug;
		};
		0D7E40691EEB2C7000890E34 /* Release */ = {
			isa = XCBuildConfiguration;
			buildSettings = {
				ALWAYS_SEARCH_USER_PATHS = NO;
				CLANG_ANALYZER_NONNULL = YES;
				CLANG_CXX_LANGUAGE_STANDARD = "gnu++0x";
				CLANG_CXX_LIBRARY = "libc++";
				CLANG_ENABLE_MODULES = YES;
				CLANG_ENABLE_OBJC_ARC = YES;
				CLANG_WARN_BOOL_CONVERSION = YES;
				CLANG_WARN_CONSTANT_CONVERSION = YES;
				CLANG_WARN_DIRECT_OBJC_ISA_USAGE = YES_ERROR;
				CLANG_WARN_DOCUMENTATION_COMMENTS = YES;
				CLANG_WARN_EMPTY_BODY = YES;
				CLANG_WARN_ENUM_CONVERSION = YES;
				CLANG_WARN_INFINITE_RECURSION = YES;
				CLANG_WARN_INT_CONVERSION = YES;
				CLANG_WARN_OBJC_ROOT_CLASS = YES_ERROR;
				CLANG_WARN_SUSPICIOUS_MOVES = YES;
				CLANG_WARN_UNREACHABLE_CODE = YES;
				CLANG_WARN__DUPLICATE_METHOD_MATCH = YES;
				"CODE_SIGN_IDENTITY[sdk=iphoneos*]" = "iPhone Developer";
				COPY_PHASE_STRIP = NO;
				DEBUG_INFORMATION_FORMAT = "dwarf-with-dsym";
				ENABLE_NS_ASSERTIONS = NO;
				ENABLE_STRICT_OBJC_MSGSEND = YES;
				GCC_C_LANGUAGE_STANDARD = gnu99;
				GCC_NO_COMMON_BLOCKS = YES;
				GCC_WARN_64_TO_32_BIT_CONVERSION = YES;
				GCC_WARN_ABOUT_RETURN_TYPE = YES_ERROR;
				GCC_WARN_UNDECLARED_SELECTOR = YES;
				GCC_WARN_UNINITIALIZED_AUTOS = YES_AGGRESSIVE;
				GCC_WARN_UNUSED_FUNCTION = YES;
				GCC_WARN_UNUSED_VARIABLE = YES;
				IPHONEOS_DEPLOYMENT_TARGET = 10.1;
				MTL_ENABLE_DEBUG_INFO = NO;
				SDKROOT = iphoneos;
				VALIDATE_PRODUCT = YES;
			};
			name = Release;
		};
		0D7E406B1EEB2C7000890E34 /* Debug */ = {
			isa = XCBuildConfiguration;
			buildSettings = {
				ASSETCATALOG_COMPILER_APPICON_NAME = AppIcon;
				INFOPLIST_FILE = "IDC 19 UIView Geometry Homework/Info.plist";
				LD_RUNPATH_SEARCH_PATHS = "$(inherited) @executable_path/Frameworks";
				PRODUCT_BUNDLE_IDENTIFIER = "manki.IDC-19-UIView-Geometry-Homework";
				PRODUCT_NAME = "$(TARGET_NAME)";
				TARGETED_DEVICE_FAMILY = "1,2";
			};
			name = Debug;
		};
		0D7E406C1EEB2C7000890E34 /* Release */ = {
			isa = XCBuildConfiguration;
			buildSettings = {
				ASSETCATALOG_COMPILER_APPICON_NAME = AppIcon;
				INFOPLIST_FILE = "IDC 19 UIView Geometry Homework/Info.plist";
				LD_RUNPATH_SEARCH_PATHS = "$(inherited) @executable_path/Frameworks";
				PRODUCT_BUNDLE_IDENTIFIER = "manki.IDC-19-UIView-Geometry-Homework";
				PRODUCT_NAME = "$(TARGET_NAME)";
				TARGETED_DEVICE_FAMILY = "1,2";
			};
			name = Release;
		};
		0D7E406E1EEB2C7000890E34 /* Debug */ = {
			isa = XCBuildConfiguration;
			buildSettings = {
				BUNDLE_LOADER = "$(TEST_HOST)";
				INFOPLIST_FILE = "IDC 19 UIView Geometry HomeworkTests/Info.plist";
				LD_RUNPATH_SEARCH_PATHS = "$(inherited) @executable_path/Frameworks @loader_path/Frameworks";
				PRODUCT_BUNDLE_IDENTIFIER = "manki.IDC-19-UIView-Geometry-HomeworkTests";
				PRODUCT_NAME = "$(TARGET_NAME)";
				TEST_HOST = "$(BUILT_PRODUCTS_DIR)/IDC 19 UIView Geometry Homework.app/IDC 19 UIView Geometry Homework";
			};
			name = Debug;
		};
		0D7E406F1EEB2C7000890E34 /* Release */ = {
			isa = XCBuildConfiguration;
			buildSettings = {
				BUNDLE_LOADER = "$(TEST_HOST)";
				INFOPLIST_FILE = "IDC 19 UIView Geometry HomeworkTests/Info.plist";
				LD_RUNPATH_SEARCH_PATHS = "$(inherited) @executable_path/Frameworks @loader_path/Frameworks";
				PRODUCT_BUNDLE_IDENTIFIER = "manki.IDC-19-UIView-Geometry-HomeworkTests";
				PRODUCT_NAME = "$(TARGET_NAME)";
				TEST_HOST = "$(BUILT_PRODUCTS_DIR)/IDC 19 UIView Geometry Homework.app/IDC 19 UIView Geometry Homework";
			};
			name = Release;
		};
		0D7E40711EEB2C7000890E34 /* Debug */ = {
			isa = XCBuildConfiguration;
			buildSettings = {
				INFOPLIST_FILE = "IDC 19 UIView Geometry HomeworkUITests/Info.plist";
				LD_RUNPATH_SEARCH_PATHS = "$(inherited) @executable_path/Frameworks @loader_path/Frameworks";
				PRODUCT_BUNDLE_IDENTIFIER = "manki.IDC-19-UIView-Geometry-HomeworkUITests";
				PRODUCT_NAME = "$(TARGET_NAME)";
				TEST_TARGET_NAME = "IDC 19 UIView Geometry Homework";
			};
			name = Debug;
		};
		0D7E40721EEB2C7000890E34 /* Release */ = {
			isa = XCBuildConfiguration;
			buildSettings = {
				INFOPLIST_FILE = "IDC 19 UIView Geometry HomeworkUITests/Info.plist";
				LD_RUNPATH_SEARCH_PATHS = "$(inherited) @executable_path/Frameworks @loader_path/Frameworks";
				PRODUCT_BUNDLE_IDENTIFIER = "manki.IDC-19-UIView-Geometry-HomeworkUITests";
				PRODUCT_NAME = "$(TARGET_NAME)";
				TEST_TARGET_NAME = "IDC 19 UIView Geometry Homework";
			};
			name = Release;
		};
/* End XCBuildConfiguration section */

/* Begin XCConfigurationList section */
		0D7E40381EEB2C7000890E34 /* Build configuration list for PBXProject "IDC 19 UIView Geometry Homework" */ = {
			isa = XCConfigurationList;
			buildConfigurations = (
				0D7E40681EEB2C7000890E34 /* Debug */,
				0D7E40691EEB2C7000890E34 /* Release */,
			);
			defaultConfigurationIsVisible = 0;
			defaultConfigurationName = Release;
		};
		0D7E406A1EEB2C7000890E34 /* Build configuration list for PBXNativeTarget "IDC 19 UIView Geometry Homework" */ = {
			isa = XCConfigurationList;
			buildConfigurations = (
				0D7E406B1EEB2C7000890E34 /* Debug */,
				0D7E406C1EEB2C7000890E34 /* Release */,
			);
			defaultConfigurationIsVisible = 0;
		};
		0D7E406D1EEB2C7000890E34 /* Build configuration list for PBXNativeTarget "IDC 19 UIView Geometry HomeworkTests" */ = {
			isa = XCConfigurationList;
			buildConfigurations = (
				0D7E406E1EEB2C7000890E34 /* Debug */,
				0D7E406F1EEB2C7000890E34 /* Release */,
			);
			defaultConfigurationIsVisible = 0;
		};
		0D7E40701EEB2C7000890E34 /* Build configuration list for PBXNativeTarget "IDC 19 UIView Geometry HomeworkUITests" */ = {
			isa = XCConfigurationList;
			buildConfigurations = (
				0D7E40711EEB2C7000890E34 /* Debug */,
				0D7E40721EEB2C7000890E34 /* Release */,
			);
			defaultConfigurationIsVisible = 0;
		};
/* End XCConfigurationList section */
	};
	rootObject = 0D7E40351EEB2C7000890E34 /* Project object */;
}
